
Microsoft Visual Studio Solution File, Format Version 12.00
# Visual Studio 15
VisualStudioVersion = 15.0.27906.1
MinimumVisualStudioVersion = 10.0.40219.1
Project("{FAE04EC0-301F-11D3-BF4B-00C04F79EFBC}") = "SqlServerFunctions", "SqlServerFunctions\SqlServerFunctions.csproj", "{6FBE5D3E-F51E-45F6-B716-DC1569C7AC2E}"
EndProject
Project("{FAE04EC0-301F-11D3-BF4B-00C04F79EFBC}") = "Setup", "Setup\Setup.csproj", "{752343A5-D0F2-46CF-B0F0-620F29ADC90E}"
EndProject
Project("{2150E333-8FDC-42A3-9474-1A3956D46DE8}") = "sql", "sql", "{06983529-4BE3-41F1-8926-DE68CE0E9488}"
	ProjectSection(SolutionItems) = preProject
		sql\System.Drawing.sql = sql\System.Drawing.sql
	EndProjectSection
EndProject
Global
	GlobalSection(SolutionConfigurationPlatforms) = preSolution
		Debug|Any CPU = Debug|Any CPU
		Release|Any CPU = Release|Any CPU
	EndGlobalSection
	GlobalSection(ProjectConfigurationPlatforms) = postSolution
		{6FBE5D3E-F51E-45F6-B716-DC1569C7AC2E}.Debug|Any CPU.ActiveCfg = Debug|Any CPU
		{6FBE5D3E-F51E-45F6-B716-DC1569C7AC2E}.Debug|Any CPU.Build.0 = Debug|Any CPU
		{6FBE5D3E-F51E-45F6-B716-DC1569C7AC2E}.Release|Any CPU.ActiveCfg = Release|Any CPU
		{6FBE5D3E-F51E-45F6-B716-DC1569C7AC2E}.Release|Any CPU.Build.0 = Release|Any CPU
		{752343A5-D0F2-46CF-B0F0-620F29ADC90E}.Debug|Any CPU.ActiveCfg = Debug|Any CPU
		{752343A5-D0F2-46CF-B0F0-620F29ADC90E}.Debug|Any CPU.Build.0 = Debug|Any CPU
		{752343A5-D0F2-46CF-B0F0-620F29ADC90E}.Release|Any CPU.ActiveCfg = Release|Any CPU
		{752343A5-D0F2-46CF-B0F0-620F29ADC90E}.Release|Any CPU.Build.0 = Release|Any CPU
	EndGlobalSection
	GlobalSection(SolutionProperties) = preSolution
		HideSolutionNode = FALSE
	EndGlobalSection
	GlobalSection(ExtensibilityGlobals) = postSolution
		SolutionGuid = {EEA2F30B-ADD8-40FB-B166-F682148FF1AF}
	EndGlobalSection
EndGlobal
